{
    "name":  "pmpland-web-www",
    "version":  "1.0.0",
    "lockfileVersion":  3,
    "requires":  true,
    "packages":  {
                     "":  {
                              "name":  "pmpland-web-www",
                              "version":  "1.0.0",
                              "license":  "UNLICENSED",
                              "dependencies":  {
                                                   "@panzoom/panzoom":  "^4.4.4",
                                                   "crop-select-js":  "^1.0.1",
                                                   "cropper":  "^4.1.0",
                                                   "cropperjs":  "^1.5.9",
                                                   "croppie":  "^2.6.5",
                                                   "jquery":  "^3.6.0",
                                                   "jquery-cropper":  "^1.0.1"
                                               },
                              "devDependencies":  {
                                                      "@babel/core":  "^7.29.0",
                                                      "@babel/preset-env":  "^7.29.0",
                                                      "babel-loader":  "^9.0.0",
                                                      "css-loader":  "^6.0.0",
                                                      "eslint":  "^8.57.1",
                                                      "jest":  "^30.2.0",
                                                      "jest-junit":  "^16.0.0",
                                                      "mini-css-extract-plugin":  "^2.0.0",
                                                      "sass":  "^1.97.3",
                                                      "sass-loader":  "^14.0.0",
                                                      "webpack":  "^5.105.2",
                                                      "webpack-cli":  "^5.0.0"
                                                  },
                              "engines":  {
                                              "node":  "\u003e=18.0.0",
                                              "npm":  "\u003e=8.0.0"
                                          }
                          },
                     "node_modules/@panzoom/panzoom":  {
                                                           "version":  "4.4.4"
                                                       },
                     "node_modules/crop-select-js":  {
                                                         "version":  "1.0.1"
                                                     },
                     "node_modules/cropper":  {
                                                  "version":  "4.1.0",
                                                  "dependencies":  {
                                                                       "cropperjs":  "^1.5.6"
                                                                   }
                                              },
                     "node_modules/cropperjs":  {
                                                    "version":  "1.5.9"
                                                },
                     "node_modules/croppie":  {
                                                  "version":  "2.6.5"
                                              },
                     "node_modules/jquery":  {
                                                 "version":  "3.6.0"
                                             },
                     "node_modules/jquery-cropper":  {
                                                         "version":  "1.0.1"
                                                     }
                 },
    "dependencies":  {
                         "@panzoom/panzoom":  {
                                                  "version":  "4.4.4"
                                              },
                         "crop-select-js":  {
                                                "version":  "1.0.1"
                                            },
                         "cropper":  {
                                         "version":  "4.1.0",
                                         "requires":  {
                                                          "cropperjs":  "^1.5.6"
                                                      }
                                     },
                         "cropperjs":  {
                                           "version":  "1.5.9"
                                       },
                         "croppie":  {
                                         "version":  "2.6.5"
                                     },
                         "jquery":  {
                                        "version":  "3.6.0"
                                    },
                         "jquery-cropper":  {
                                                "version":  "1.0.1"
                                            }
                     }
}
